// !$*UTF8*$!
{
	archiveVersion = 1;
	classes = {
	};
	objectVersion = 54;
	objects = {

/* Begin PBXBuildFile section */
		DC4A71F8271B00800071E7A4 /* CalculatorViewController.swift in Sources */ = {isa = PBXBuildFile; fileRef = DC4A71F7271B00800071E7A4 /* CalculatorViewController.swift */; };
		DC5E92E027A47350009BC60F /* Colors.swift in Sources */ = {isa = PBXBuildFile; fileRef = DC5E92DF27A47350009BC60F /* Colors.swift */; };
		DC9DFE542706249B0058D817 /* UIButton+roundedCorner+border.swift in Sources */ = {isa = PBXBuildFile; fileRef = DC9DFE532706249B0058D817 /* UIButton+roundedCorner+border.swift */; };
		DCB3150426FB2DD300F1CB2C /* AppDelegate.swift in Sources */ = {isa = PBXBuildFile; fileRef = DCB3150326FB2DD300F1CB2C /* AppDelegate.swift */; };
		DCB3150626FB2DD300F1CB2C /* SceneDelegate.swift in Sources */ = {isa = PBXBuildFile; fileRef = DCB3150526FB2DD300F1CB2C /* SceneDelegate.swift */; };
		DCB3150B26FB2DD300F1CB2C /* Main.storyboard in Resources */ = {isa = PBXBuildFile; fileRef = DCB3150926FB2DD300F1CB2C /* Main.storyboard */; };
		DCB3150D26FB2DD400F1CB2C /* Assets.xcassets in Resources */ = {isa = PBXBuildFile; fileRef = DCB3150C26FB2DD400F1CB2C /* Assets.xcassets */; };
		DCB3151026FB2DD400F1CB2C /* LaunchScreen.storyboard in Resources */ = {isa = PBXBuildFile; fileRef = DCB3150E26FB2DD400F1CB2C /* LaunchScreen.storyboard */; };
/* End PBXBuildFile section */

/* Begin PBXFileReference section */
		DC4A71F7271B00800071E7A4 /* CalculatorViewController.swift */ = {isa = PBXFileReference; lastKnownFileType = sourcecode.swift; path = CalculatorViewController.swift; sourceTree = "<group>"; };
		DC5E92DF27A47350009BC60F /* Colors.swift */ = {isa = PBXFileReference; lastKnownFileType = sourcecode.swift; path = Colors.swift; sourceTree = "<group>"; };
		DC9DFE532706249B0058D817 /* UIButton+roundedCorner+border.swift */ = {isa = PBXFileReference; lastKnownFileType = sourcecode.swift; path = "UIButton+roundedCorner+border.swift"; sourceTree = "<group>"; };
		DCB3150026FB2DD300F1CB2C /* myCalculator.app */ = {isa = PBXFileReference; explicitFileType = wrapper.application; includeInIndex = 0; path = myCalculator.app; sourceTree = BUILT_PRODUCTS_DIR; };
		DCB3150326FB2DD300F1CB2C /* AppDelegate.swift */ = {isa = PBXFileReference; lastKnownFileType = sourcecode.swift; path = AppDelegate.swift; sourceTree = "<group>"; };
		DCB3150526FB2DD300F1CB2C /* SceneDelegate.swift */ = {isa = PBXFileReference; lastKnownFileType = sourcecode.swift; path = SceneDelegate.swift; sourceTree = "<group>"; };
		DCB3150A26FB2DD300F1CB2C /* Base */ = {isa = PBXFileReference; lastKnownFileType = file.storyboard; name = Base; path = Base.lproj/Main.storyboard; sourceTree = "<group>"; };
		DCB3150C26FB2DD400F1CB2C /* Assets.xcassets */ = {isa = PBXFileReference; lastKnownFileType = folder.assetcatalog; path = Assets.xcassets; sourceTree = "<group>"; };
		DCB3150F26FB2DD400F1CB2C /* Base */ = {isa = PBXFileReference; lastKnownFileType = file.storyboard; name = Base; path = Base.lproj/LaunchScreen.storyboard; sourceTree = "<group>"; };
		DCB3151126FB2DD400F1CB2C /* Info.plist */ = {isa = PBXFileReference; lastKnownFileType = text.plist.xml; path = Info.plist; sourceTree = "<group>"; };
/* End PBXFileReference section */

/* Begin PBXFrameworksBuildPhase section */
		DCB314FD26FB2DD300F1CB2C /* Frameworks */ = {
			isa = PBXFrameworksBuildPhase;
			buildActionMask = 2147483647;
			files = (
			);
			runOnlyForDeploymentPostprocessing = 0;
		};
/* End PBXFrameworksBuildPhase section */

/* Begin PBXGroup section */
		74EA647927061E4E003B6024 /* Storyboards */ = {
			isa = PBXGroup;
			children = (
				DCB3150926FB2DD300F1CB2C /* Main.storyboard */,
				DCB3150E26FB2DD400F1CB2C /* LaunchScreen.storyboard */,
			);
			path = Storyboards;
			sourceTree = "<group>";
		};
		74EA647A27061F1B003B6024 /* Delegates */ = {
			isa = PBXGroup;
			children = (
				DCB3150326FB2DD300F1CB2C /* AppDelegate.swift */,
				DCB3150526FB2DD300F1CB2C /* SceneDelegate.swift */,
			);
			path = Delegates;
			sourceTree = "<group>";
		};
		DC44DD0A299272DF00E8C877 /* Controllers */ = {
			isa = PBXGroup;
			children = (
				DC4A71F7271B00800071E7A4 /* CalculatorViewController.swift */,
			);
			path = Controllers;
			sourceTree = "<group>";
		};
		DC9DFE55270624A70058D817 /* Extensions */ = {
			isa = PBXGroup;
			children = (
				DC9DFE532706249B0058D817 /* UIButton+roundedCorner+border.swift */,
			);
			path = Extensions;
			sourceTree = "<group>";
		};
		DCA58D6227A472EF0075FDD7 /* Assets */ = {
			isa = PBXGroup;
			children = (
				DCB3150C26FB2DD400F1CB2C /* Assets.xcassets */,
				DC5E92DF27A47350009BC60F /* Colors.swift */,
			);
			path = Assets;
			sourceTree = "<group>";
		};
		DCB314F726FB2DD300F1CB2C = {
			isa = PBXGroup;
			children = (
				DCB3150226FB2DD300F1CB2C /* myCalculator */,
				DCB3150126FB2DD300F1CB2C /* Products */,
			);
			sourceTree = "<group>";
		};
		DCB3150126FB2DD300F1CB2C /* Products */ = {
			isa = PBXGroup;
			children = (
				DCB3150026FB2DD300F1CB2C /* myCalculator.app */,
			);
			name = Products;
			sourceTree = "<group>";
		};
		DCB3150226FB2DD300F1CB2C /* myCalculator */ = {
			isa = PBXGroup;
			children = (
				DCA58D6227A472EF0075FDD7 /* Assets */,
				74EA647A27061F1B003B6024 /* Delegates */,
				DC9DFE55270624A70058D817 /* Extensions */,
				DCB3151126FB2DD400F1CB2C /* Info.plist */,
				DC44DD0A299272DF00E8C877 /* Controllers */,
				74EA647927061E4E003B6024 /* Storyboards */,
			);
			path = myCalculator;
			sourceTree = "<group>";
		};
/* End PBXGroup section */

/* Begin PBXNativeTarget section */
		DCB314FF26FB2DD300F1CB2C /* myCalculator */ = {
			isa = PBXNativeTarget;
			buildConfigurationList = DCB3151426FB2DD400F1CB2C /* Build configuration list for PBXNativeTarget "myCalculator" */;
			buildPhases = (
				DCB314FC26FB2DD300F1CB2C /* Sources */,
				DCB314FD26FB2DD300F1CB2C /* Frameworks */,
				DCB314FE26FB2DD300F1CB2C /* Resources */,
				DC938ABA27A86FCE005BCF84 /* ShellScript */,
			);
			buildRules = (
			);
			dependencies = (
			);
			name = myCalculator;
			productName = myCalculator;
			productReference = DCB3150026FB2DD300F1CB2C /* myCalculator.app */;
			productType = "com.apple.product-type.application";
		};
/* End PBXNativeTarget section */

/* Begin PBXProject section */
		DCB314F826FB2DD300F1CB2C /* Project object */ = {
			isa = PBXProject;
			attributes = {
				LastSwiftUpdateCheck = 1250;
				LastUpgradeCheck = 1250;
				TargetAttributes = {
					DCB314FF26FB2DD300F1CB2C = {
						CreatedOnToolsVersion = 12.5.1;
					};
				};
			};
			buildConfigurationList = DCB314FB26FB2DD300F1CB2C /* Build configuration list for PBXProject "myCalculator" */;
			compatibilityVersion = "Xcode 9.3";
			developmentRegion = en;
			hasScannedForEncodings = 0;
			knownRegions = (
				en,
				Base,
			);
			mainGroup = DCB314F726FB2DD300F1CB2C;
			productRefGroup = DCB3150126FB2DD300F1CB2C /* Products */;
			projectDirPath = "";
			projectRoot = "";
			targets = (
				DCB314FF26FB2DD300F1CB2C /* myCalculator */,
			);
		};
/* End PBXProject section */

/* Begin PBXResourcesBuildPhase section */
		DCB314FE26FB2DD300F1CB2C /* Resources */ = {
			isa = PBXResourcesBuildPhase;
			buildActionMask = 2147483647;
			files = (
				DCB3151026FB2DD400F1CB2C /* LaunchScreen.storyboard in Resources */,
				DCB3150D26FB2DD400F1CB2C /* Assets.xcassets in Resources */,
				DCB3150B26FB2DD300F1CB2C /* Main.storyboard in Resources */,
			);
			runOnlyForDeploymentPostprocessing = 0;
		};
/* End PBXResourcesBuildPhase section */

/* Begin PBXShellScriptBuildPhase section */
		DC938ABA27A86FCE005BCF84 /* ShellScript */ = {
			isa = PBXShellScriptBuildPhase;
			alwaysOutOfDate = 1;
			buildActionMask = 2147483647;
			files = (
			);
			inputFileListPaths = (
			);
			inputPaths = (
			);
			outputFileListPaths = (
			);
			outputPaths = (
			);
			runOnlyForDeploymentPostprocessing = 0;
			shellPath = /bin/sh;
			shellScript = "if test -d \"/opt/homebrew/bin/\"; then\n  PATH=\"/opt/homebrew/bin/:${PATH}\"\nfi\n\nexport PATH\n\nif which swiftlint >/dev/null; then\n  swiftlint\nelse\n  echo \"warning: SwiftLint not installed, download from https://github.com/realm/SwiftLint\"\nfi\n";
		};
/* End PBXShellScriptBuildPhase section */

/* Begin PBXSourcesBuildPhase section */
		DCB314FC26FB2DD300F1CB2C /* Sources */ = {
			isa = PBXSourcesBuildPhase;
			buildActionMask = 2147483647;
			files = (
				DCB3150426FB2DD300F1CB2C /* AppDelegate.swift in Sources */,
				DC5E92E027A47350009BC60F /* Colors.swift in Sources */,
				DC9DFE542706249B0058D817 /* UIButton+roundedCorner+border.swift in Sources */,
				DC4A71F8271B00800071E7A4 /* CalculatorViewController.swift in Sources */,
				DCB3150626FB2DD300F1CB2C /* SceneDelegate.swift in Sources */,
			);
			runOnlyForDeploymentPostprocessing = 0;
		};
/* End PBXSourcesBuildPhase section */

/* Begin PBXVariantGroup section */
		DCB3150926FB2DD300F1CB2C /* Main.storyboard */ = {
			isa = PBXVariantGroup;
			children = (
				DCB3150A26FB2DD300F1CB2C /* Base */,
			);
			name = Main.storyboard;
			sourceTree = "<group>";
		};
		DCB3150E26FB2DD400F1CB2C /* LaunchScreen.storyboard */ = {
			isa = PBXVariantGroup;
			children = (
				DCB3150F26FB2DD400F1CB2C /* Base */,
			);
			name = LaunchScreen.storyboard;
			sourceTree = "<group>";
		};
/* End PBXVariantGroup section */

/* Begin XCBuildConfiguration section */
		DCB3151226FB2DD400F1CB2C /* Debug */ = {
			isa = XCBuildConfiguration;
			buildSettings = {
				ALWAYS_SEARCH_USER_PATHS = NO;
				CLANG_ANALYZER_NONNULL = YES;
				CLANG_ANALYZER_NUMBER_OBJECT_CONVERSION = YES_AGGRESSIVE;
				CLANG_CXX_LANGUAGE_STANDARD = "gnu++14";
				CLANG_CXX_LIBRARY = "libc++";
				CLANG_ENABLE_MODULES = YES;
				CLANG_ENABLE_OBJC_ARC = YES;
				CLANG_ENABLE_OBJC_WEAK = YES;
				CLANG_WARN_BLOCK_CAPTURE_AUTORELEASING = YES;
				CLANG_WARN_BOOL_CONVERSION = YES;
				CLANG_WARN_COMMA = YES;
				CLANG_WARN_CONSTANT_CONVERSION = YES;
				CLANG_WARN_DEPRECATED_OBJC_IMPLEMENTATIONS = YES;
				CLANG_WARN_DIRECT_OBJC_ISA_USAGE = YES_ERROR;
				CLANG_WARN_DOCUMENTATION_COMMENTS = YES;
				CLANG_WARN_EMPTY_BODY = YES;
				CLANG_WARN_ENUM_CONVERSION = YES;
				CLANG_WARN_INFINITE_RECURSION = YES;
				CLANG_WARN_INT_CONVERSION = YES;
				CLANG_WARN_NON_LITERAL_NULL_CONVERSION = YES;
				CLANG_WARN_OBJC_IMPLICIT_RETAIN_SELF = YES;
				CLANG_WARN_OBJC_LITERAL_CONVERSION = YES;
				CLANG_WARN_OBJC_ROOT_CLASS = YES_ERROR;
				CLANG_WARN_QUOTED_INCLUDE_IN_FRAMEWORK_HEADER = YES;
				CLANG_WARN_RANGE_LOOP_ANALYSIS = YES;
				CLANG_WARN_STRICT_PROTOTYPES = YES;
				CLANG_WARN_SUSPICIOUS_MOVE = YES;
				CLANG_WARN_UNGUARDED_AVAILABILITY = YES_AGGRESSIVE;
				CLANG_WARN_UNREACHABLE_CODE = YES;
				CLANG_WARN__DUPLICATE_METHOD_MATCH = YES;
				COPY_PHASE_STRIP = NO;
				DEBUG_INFORMATION_FORMAT = dwarf;
				ENABLE_STRICT_OBJC_MSGSEND = YES;
				ENABLE_TESTABILITY = YES;
				GCC_C_LANGUAGE_STANDARD = gnu11;
				GCC_DYNAMIC_NO_PIC = NO;
				GCC_NO_COMMON_BLOCKS = YES;
				GCC_OPTIMIZATION_LEVEL = 0;
				GCC_PREPROCESSOR_DEFINITIONS = (
					"DEBUG=1",
					"$(inherited)",
				);
				GCC_WARN_64_TO_32_BIT_CONVERSION = YES;
				GCC_WARN_ABOUT_RETURN_TYPE = YES_ERROR;
				GCC_WARN_UNDECLARED_SELECTOR = YES;
				GCC_WARN_UNINITIALIZED_AUTOS = YES_AGGRESSIVE;
				GCC_WARN_UNUSED_FUNCTION = YES;
				GCC_WARN_UNUSED_VARIABLE = YES;
				IPHONEOS_DEPLOYMENT_TARGET = 14.5;
				MTL_ENABLE_DEBUG_INFO = INCLUDE_SOURCE;
				MTL_FAST_MATH = YES;
				ONLY_ACTIVE_ARCH = YES;
				SDKROOT = iphoneos;
				SWIFT_ACTIVE_COMPILATION_CONDITIONS = DEBUG;
				SWIFT_OPTIMIZATION_LEVEL = "-Onone";
			};
			name = Debug;
		};
		DCB3151326FB2DD400F1CB2C /* Release */ = {
			isa = XCBuildConfiguration;
			buildSettings = {
				ALWAYS_SEARCH_USER_PATHS = NO;
				CLANG_ANALYZER_NONNULL = YES;
				CLANG_ANALYZER_NUMBER_OBJECT_CONVERSION = YES_AGGRESSIVE;
				CLANG_CXX_LANGUAGE_STANDARD = "gnu++14";
				CLANG_CXX_LIBRARY = "libc++";
				CLANG_ENABLE_MODULES = YES;
				CLANG_ENABLE_OBJC_ARC = YES;
				CLANG_ENABLE_OBJC_WEAK = YES;
				CLANG_WARN_BLOCK_CAPTURE_AUTORELEASING = YES;
				CLANG_WARN_BOOL_CONVERSION = YES;
				CLANG_WARN_COMMA = YES;
				CLANG_WARN_CONSTANT_CONVERSION = YES;
				CLANG_WARN_DEPRECATED_OBJC_IMPLEMENTATIONS = YES;
				CLANG_WARN_DIRECT_OBJC_ISA_USAGE = YES_ERROR;
				CLANG_WARN_DOCUMENTATION_COMMENTS = YES;
				CLANG_WARN_EMPTY_BODY = YES;
				CLANG_WARN_ENUM_CONVERSION = YES;
				CLANG_WARN_INFINITE_RECURSION = YES;
				CLANG_WARN_INT_CONVERSION = YES;
				CLANG_WARN_NON_LITERAL_NULL_CONVERSION = YES;
				CLANG_WARN_OBJC_IMPLICIT_RETAIN_SELF = YES;
				CLANG_WARN_OBJC_LITERAL_CONVERSION = YES;
				CLANG_WARN_OBJC_ROOT_CLASS = YES_ERROR;
				CLANG_WARN_QUOTED_INCLUDE_IN_FRAMEWORK_HEADER = YES;
				CLANG_WARN_RANGE_LOOP_ANALYSIS = YES;
				CLANG_WARN_STRICT_PROTOTYPES = YES;
				CLANG_WARN_SUSPICIOUS_MOVE = YES;
				CLANG_WARN_UNGUARDED_AVAILABILITY = YES_AGGRESSIVE;
				CLANG_WARN_UNREACHABLE_CODE = YES;
				CLANG_WARN__DUPLICATE_METHOD_MATCH = YES;
				COPY_PHASE_STRIP = NO;
				DEBUG_INFORMATION_FORMAT = "dwarf-with-dsym";
				ENABLE_NS_ASSERTIONS = NO;
				ENABLE_STRICT_OBJC_MSGSEND = YES;
				GCC_C_LANGUAGE_STANDARD = gnu11;
				GCC_NO_COMMON_BLOCKS = YES;
				GCC_WARN_64_TO_32_BIT_CONVERSION = YES;
				GCC_WARN_ABOUT_RETURN_TYPE = YES_ERROR;
				GCC_WARN_UNDECLARED_SELECTOR = YES;
				GCC_WARN_UNINITIALIZED_AUTOS = YES_AGGRESSIVE;
				GCC_WARN_UNUSED_FUNCTION = YES;
				GCC_WARN_UNUSED_VARIABLE = YES;
				IPHONEOS_DEPLOYMENT_TARGET = 14.5;
				MTL_ENABLE_DEBUG_INFO = NO;
				MTL_FAST_MATH = YES;
				SDKROOT = iphoneos;
				SWIFT_COMPILATION_MODE = wholemodule;
				SWIFT_OPTIMIZATION_LEVEL = "-O";
				VALIDATE_PRODUCT = YES;
			};
			name = Release;
		};
		DCB3151526FB2DD400F1CB2C /* Debug */ = {
			isa = XCBuildConfiguration;
			buildSettings = {
				ASSETCATALOG_COMPILER_APPICON_NAME = AppIcon;
				ASSETCATALOG_COMPILER_GLOBAL_ACCENT_COLOR_NAME = AccentColor;
				CODE_SIGN_STYLE = Automatic;
				DEVELOPMENT_TEAM = 88RH8RT76F;
				INFOPLIST_FILE = myCalculator/Info.plist;
				LD_RUNPATH_SEARCH_PATHS = (
					"$(inherited)",
					"@executable_path/Frameworks",
				);
				PRODUCT_BUNDLE_IDENTIFIER = AnatoliStepanuke.Calculator;
				PRODUCT_NAME = "$(TARGET_NAME)";
				SWIFT_VERSION = 5.0;
				TARGETED_DEVICE_FAMILY = "1,2";
			};
			name = Debug;
		};
		DCB3151626FB2DD400F1CB2C /* Release */ = {
			isa = XCBuildConfiguration;
			buildSettings = {
				ASSETCATALOG_COMPILER_APPICON_NAME = AppIcon;
				ASSETCATALOG_COMPILER_GLOBAL_ACCENT_COLOR_NAME = AccentColor;
				CODE_SIGN_STYLE = Automatic;
				DEVELOPMENT_TEAM = 88RH8RT76F;
				INFOPLIST_FILE = myCalculator/Info.plist;
				LD_RUNPATH_SEARCH_PATHS = (
					"$(inherited)",
					"@executable_path/Frameworks",
				);
				PRODUCT_BUNDLE_IDENTIFIER = AnatoliStepanuke.Calculator;
				PRODUCT_NAME = "$(TARGET_NAME)";
				SWIFT_VERSION = 5.0;
				TARGETED_DEVICE_FAMILY = "1,2";
			};
			name = Release;
		};
/* End XCBuildConfiguration section */

/* Begin XCConfigurationList section */
		DCB314FB26FB2DD300F1CB2C /* Build configuration list for PBXProject "myCalculator" */ = {
			isa = XCConfigurationList;
			buildConfigurations = (
				DCB3151226FB2DD400F1CB2C /* Debug */,
				DCB3151326FB2DD400F1CB2C /* Release */,
			);
			defaultConfigurationIsVisible = 0;
			defaultConfigurationName = Release;
		};
		DCB3151426FB2DD400F1CB2C /* Build configuration list for PBXNativeTarget "myCalculator" */ = {
			isa = XCConfigurationList;
			buildConfigurations = (
				DCB3151526FB2DD400F1CB2C /* Debug */,
				DCB3151626FB2DD400F1CB2C /* Release */,
			);
			defaultConfigurationIsVisible = 0;
			defaultConfigurationName = Release;
		};
/* End XCConfigurationList section */
	};
	rootObject = DCB314F826FB2DD300F1CB2C /* Project object */;
}
